
Microsoft Visual Studio Solution File, Format Version 12.00
# Visual Studio Version 16
VisualStudioVersion = 16.0.29215.179
MinimumVisualStudioVersion = 10.0.40219.1
Project("{FAE04EC0-301F-11D3-BF4B-00C04F79EFBC}") = "Modeless Dialog Box", "Modeless Dialog Box\Modeless Dialog Box.csproj", "{386A7C61-C0C5-407C-ABA5-5A38489FCF9B}"
EndProject
Global
	GlobalSection(SolutionConfigurationPlatforms) = preSolution
		Debug|Any CPU = Debug|Any CPU
		Release|Any CPU = Release|Any CPU
	EndGlobalSection
	GlobalSection(ProjectConfigurationPlatforms) = postSolution
		{386A7C61-C0C5-407C-ABA5-5A38489FCF9B}.Debug|Any CPU.ActiveCfg = Debug|Any CPU
		{386A7C61-C0C5-407C-ABA5-5A38489FCF9B}.Debug|Any CPU.Build.0 = Debug|Any CPU
		{386A7C61-C0C5-407C-ABA5-5A38489FCF9B}.Release|Any CPU.ActiveCfg = Release|Any CPU
		{386A7C61-C0C5-407C-ABA5-5A38489FCF9B}.Release|Any CPU.Build.0 = Release|Any CPU
	EndGlobalSection
	GlobalSection(SolutionProperties) = preSolution
		HideSolutionNode = FALSE
	EndGlobalSection
	GlobalSection(ExtensibilityGlobals) = postSolution
		SolutionGuid = {78B702F6-B25C-480F-A3FF-363C2A5410FF}
	EndGlobalSection
EndGlobal
